Microsoft Visual Studio Solution File, Format Version 12.00
# Visual Studio 2012
Project("{F184B08F-C81C-45F6-A57F-5ABD9991F28F}") = "Wpf_MapControl_Lesson1", "Wpf_MapControl_Lesson1\Wpf_MapControl_Lesson1.vbproj", "{28F06AA0-4A7E-4C5E-9D97-446E53896092}"
EndProject
Global
	GlobalSection(SolutionConfigurationPlatforms) = preSolution
		Debug|Any CPU = Debug|Any CPU
		Release|Any CPU = Release|Any CPU
	EndGlobalSection
	GlobalSection(ProjectConfigurationPlatforms) = postSolution
		{28F06AA0-4A7E-4C5E-9D97-446E53896092}.Debug|Any CPU.ActiveCfg = Debug|Any CPU
		{28F06AA0-4A7E-4C5E-9D97-446E53896092}.Debug|Any CPU.Build.0 = Debug|Any CPU
		{28F06AA0-4A7E-4C5E-9D97-446E53896092}.Release|Any CPU.ActiveCfg = Release|Any CPU
		{28F06AA0-4A7E-4C5E-9D97-446E53896092}.Release|Any CPU.Build.0 = Release|Any CPU
	EndGlobalSection
	GlobalSection(SolutionProperties) = preSolution
		HideSolutionNode = FALSE
	EndGlobalSection
EndGlobal
